
Microsoft Visual Studio Solution File, Format Version 12.00
# Visual Studio Version 17
VisualStudioVersion = 17.5.33530.505
MinimumVisualStudioVersion = 10.0.40219.1
Project("{FAE04EC0-301F-11D3-BF4B-00C04F79EFBC}") = "AplicacionEPM", "AplicacionEPM\AplicacionEPM.csproj", "{969BAC35-3FD1-4902-922B-D8E69CB366F5}"
EndProject
Global
	GlobalSection(SolutionConfigurationPlatforms) = preSolution
		Debug|Any CPU = Debug|Any CPU
		Release|Any CPU = Release|Any CPU
	EndGlobalSection
	GlobalSection(ProjectConfigurationPlatforms) = postSolution
		{969BAC35-3FD1-4902-922B-D8E69CB366F5}.Debug|Any CPU.ActiveCfg = Debug|Any CPU
		{969BAC35-3FD1-4902-922B-D8E69CB366F5}.Debug|Any CPU.Build.0 = Debug|Any CPU
		{969BAC35-3FD1-4902-922B-D8E69CB366F5}.Release|Any CPU.ActiveCfg = Release|Any CPU
		{969BAC35-3FD1-4902-922B-D8E69CB366F5}.Release|Any CPU.Build.0 = Release|Any CPU
	EndGlobalSection
	GlobalSection(SolutionProperties) = preSolution
		HideSolutionNode = FALSE
	EndGlobalSection
	GlobalSection(ExtensibilityGlobals) = postSolution
		SolutionGuid = {BA32E02C-10D8-4295-A07A-6FE4CD753D42}
	EndGlobalSection
EndGlobal
